{
  "name": "mapApp",
  "lockfileVersion": 2,
  "requires": true,
  "packages": {
    "": {
      "dependencies": {
        "@types/faker": "^5.5.9",
        "@types/google.maps": "^3.48.8",
        "@types/googlemaps": "^3.43.3",
        "faker": "^5.5.3"
      },
      "devDependencies": {
        "typescript": "^4.6.4"
      }
    },
    "node_modules/@types/faker": {
      "version": "5.5.9",
      "resolved": "https://registry.npmjs.org/@types/faker/-/faker-5.5.9.tgz",
      "integrity": "sha512-uCx6mP3UY5SIO14XlspxsGjgaemrxpssJI0Ol+GfhxtcKpv9pgRZYsS4eeKeHVLje6Qtc8lGszuBI461+gVZBA=="
    },
    "node_modules/@types/google.maps": {
      "version": "3.48.8",
      "resolved": "https://registry.npmjs.org/@types/google.maps/-/google.maps-3.48.8.tgz",
      "integrity": "sha512-//H3NjhH8GqWOdSecsodAc1FtcGWZKTi45q59Ym/sV0F8bituz4JcPicLRhSvdSLi9fjZKNUUdjXwgJeWv/M5w=="
    },
    "node_modules/@types/googlemaps": {
      "version": "3.43.3",
      "resolved": "https://registry.npmjs.org/@types/googlemaps/-/googlemaps-3.43.3.tgz",
      "integrity": "sha512-ZWNoz/O8MPEpiajvj7QiqCY8tTLFNqNZ/a+s+zTV58wFVNAvvqV4bdGfnsjTb5Cs4V6wEsLrX8XRhmnyYJ2Tdg==",
      "deprecated": "Types for the Google Maps browser API have moved to @types/google.maps. Note: these types are not for the googlemaps npm package, which is a Node API."
    },
    "node_modules/faker": {
      "version": "5.5.3",
      "resolved": "https://registry.npmjs.org/faker/-/faker-5.5.3.tgz",
      "integrity": "sha512-wLTv2a28wjUyWkbnX7u/ABZBkUkIF2fCd73V6P2oFqEGEktDfzWx4UxrSqtPRw0xPRAcjeAOIiJWqZm3pP4u3g=="
    },
    "node_modules/typescript": {
      "version": "4.6.4",
      "resolved": "https://registry.npmjs.org/typescript/-/typescript-4.6.4.tgz",
      "integrity": "sha512-9ia/jWHIEbo49HfjrLGfKbZSuWo9iTMwXO+Ca3pRsSpbsMbc7/IU8NKdCZVRRBafVPGnoJeFL76ZOAA84I9fEg==",
      "dev": true,
      "bin": {
        "tsc": "bin/tsc",
        "tsserver": "bin/tsserver"
      },
      "engines": {
        "node": ">=4.2.0"
      }
    }
  },
  "dependencies": {
    "@types/faker": {
      "version": "5.5.9",
      "resolved": "https://registry.npmjs.org/@types/faker/-/faker-5.5.9.tgz",
      "integrity": "sha512-uCx6mP3UY5SIO14XlspxsGjgaemrxpssJI0Ol+GfhxtcKpv9pgRZYsS4eeKeHVLje6Qtc8lGszuBI461+gVZBA=="
    },
    "@types/google.maps": {
      "version": "3.48.8",
      "resolved": "https://registry.npmjs.org/@types/google.maps/-/google.maps-3.48.8.tgz",
      "integrity": "sha512-//H3NjhH8GqWOdSecsodAc1FtcGWZKTi45q59Ym/sV0F8bituz4JcPicLRhSvdSLi9fjZKNUUdjXwgJeWv/M5w=="
    },
    "@types/googlemaps": {
      "version": "3.43.3",
      "resolved": "https://registry.npmjs.org/@types/googlemaps/-/googlemaps-3.43.3.tgz",
      "integrity": "sha512-ZWNoz/O8MPEpiajvj7QiqCY8tTLFNqNZ/a+s+zTV58wFVNAvvqV4bdGfnsjTb5Cs4V6wEsLrX8XRhmnyYJ2Tdg=="
    },
    "faker": {
      "version": "5.5.3",
      "resolved": "https://registry.npmjs.org/faker/-/faker-5.5.3.tgz",
      "integrity": "sha512-wLTv2a28wjUyWkbnX7u/ABZBkUkIF2fCd73V6P2oFqEGEktDfzWx4UxrSqtPRw0xPRAcjeAOIiJWqZm3pP4u3g=="
    },
    "typescript": {
      "version": "4.6.4",
      "resolved": "https://registry.npmjs.org/typescript/-/typescript-4.6.4.tgz",
      "integrity": "sha512-9ia/jWHIEbo49HfjrLGfKbZSuWo9iTMwXO+Ca3pRsSpbsMbc7/IU8NKdCZVRRBafVPGnoJeFL76ZOAA84I9fEg==",
      "dev": true
    }
  }
}
